PODS:
  - HBDictionaryKit (0.1.5):
    - Masonry
  - Masonry (1.0.2)

DEPENDENCIES:
  - HBDictionaryKit (from `../HBDictionaryKit.podspec`)
  - Masonry

EXTERNAL SOURCES:
  HBDictionaryKit:
    :path: "../HBDictionaryKit.podspec"

SPEC CHECKSUMS:
  HBDictionaryKit: bf5467a2c48414a1b4dddde1beb23ded0aafbea4
  Masonry: 7c429b56da9d4ee0bbb3ed77a5ea710d6a5df39e

PODFILE CHECKSUM: e1d56105843f3e19e7c9f7df338359ce06d1a782

COCOAPODS: 1.1.1
